<Solution>
  <Folder Name="/src/">
    <Project Path="src/AmbientContext.Abstractions/AmbientContext.Abstractions.csproj" />
    <Project Path="src/AmbientContext.Core/AmbientContext.Core.csproj" />
    <Project Path="src/AmbientContext.Generators/AmbientContext.Generators.csproj" />
    <Project Path="src/AmbientContext.Analyzers/AmbientContext.Analyzers.csproj" />
  </Folder>
  <Folder Name="/test/">
    <Project Path="test/AmbientContext.Tests/AmbientContext.Tests.csproj" />
    <Project Path="test/AmbientContext.Generator.Tests/AmbientContext.Generator.Tests.csproj" />
    <Project Path="test/AmbientContext.Analyzer.Tests/AmbientContext.Analyzer.Tests.csproj" />
  </Folder>
  <Folder Name="/samples/">
    <Project Path="samples/AmbientContext.AspNetCore.Sample/AmbientContext.AspNetCore.Sample.csproj" />
    <Project Path="samples/AmbientContext.Messaging.Sample/AmbientContext.Messaging.Sample.csproj" />
    <Project Path="samples/AmbientContext.Sample/AmbientContext.Sample.csproj" />
  </Folder>
  <Folder Name="/docs/">
    <File Path="docs/integration-patterns.md" />
  </Folder>
  <Folder Name="/Solution Items/">
    <File Path=".editorconfig" />
    <File Path=".gitattributes" />
    <File Path=".gitignore" />
    <File Path="AmbientContext.slnx" />
    <File Path="Directory.Build.props" />
    <File Path="Directory.Build.targets" />
    <File Path="Directory.Packages.props" />
    <File Path="eng/Version.props" />
    <File Path="global.json" />
    <File Path="LICENSE" />
    <File Path="README.md" />
    <File Path="CHANGELOG.md" />
    <File Path="SECURITY.md" />
  </Folder>
  <Folder Name="/Diagnostics/Analyzers/">
    <File Path="src/AmbientContext.Analyzers/AnalyzerReleases.Shipped.md" />
    <File Path="src/AmbientContext.Analyzers/AnalyzerReleases.Unshipped.md" />
  </Folder>
  <Folder Name="/Diagnostics/Generators/">
    <File Path="src/AmbientContext.Generators/AnalyzerReleases.Shipped.md" />
    <File Path="src/AmbientContext.Generators/AnalyzerReleases.Unshipped.md" />
    <File Path="src/AmbientContext.Generators/GeneratorDiagnostics.md" />
  </Folder>
  <Folder Name="/Build/GitHub/">
    <File Path=".github/dependabot.yml" />
    <File Path=".github/workflows/ci.yml" />
    <File Path=".github/workflows/publish-nuget-org.yml" />
    <File Path=".github/workflows/publish-packages.yml" />
  </Folder>
  <Folder Name="/Build/Forgejo/">
    <File Path=".forgejo/workflows/ci.yml" />
    <File Path=".forgejo/workflows/publish-packages.yml" />
  </Folder>
</Solution>
